github.com/aaronland/go-http-server v1.0.1 h1:ULzPl1cinglgIDd1fRV02WFRUrG4Sv1LW06rGasLHqA=
github.com/aaronland/go-http-server v1.0.1/go.mod h1:sg3+O9NJREN2YTChO5e2sdjmuhFJKTH39u+HV5V8Bpo=
github.com/aaronland/go-log/v2 v2.0.0 h1:lMoaVDHd4Etaz2+ibze3ReqvHHG68z2SpuxYXv12WlE=
github.com/aaronland/go-log/v2 v2.0.0/go.mod h1:jOLBCaHVyOC7DQpbVFFQSiuU8CA8MRMrqA1mMSJQtLs=
github.com/aaronland/go-roster v1.0.0 h1:FRDGrTqsYySKjWnAhbBGXyeGlI/o5/t9FZYCbUmyQtI=
github.com/aaronland/go-roster v1.0.0/go.mod h1:KIsYZgrJlAsyb9LsXSCvlqvbcCBVjCSqcQiZx42i9ro=
github.com/aaronland/go-string v1.0.0 h1:fPHmC1i9JhGzgi4qdCSXKc4xTCaLLe0uvlJMu9dHhco=
github.com/aaronland/go-string v1.0.0/go.mod h1:URh3Au/fNbM0++WjBseurE3QTp875wiJ9ImrecD+7tI=
github.com/aaronland/go-uid v0.4.0 h1:2qQ2yRQarrUCEU9ApvBpaC9osAcqTCCvD77rOkDp7m0=
github.com/aaronland/go-uid v0.4.0/go.mod h1:HwQ09mooJ8j684z3W5lPKO6Odf557O6h3P3o1PquqXE=
github.com/akrylysov/algnhsa v1.0.0 h1:qlogYL9n7MfU/TJJJCKqpg6gLgCuR/IkdFGwIJClBnE=
github.com/akrylysov/algnhsa v1.0.0/go.mod h1:ConzNpk7uLAl7Hi5LqcImgl3Oq2flRe6W7zum5A1p/8=
github.com/aws/aws-lambda-go v1.37.0 h1:WXkQ/xhIcXZZ2P5ZBEw+bbAKeCEcb5NtiYpSwVVzIXg=
github.com/aws/aws-lambda-go v1.37.0/go.mod h1:jwFe2KmMsHmffA1X2R09hH6lFzJQxzI8qK17ewzbQMM=
github.com/davecgh/go-spew v1.1.1 h1:vj9j/u1bqnvCEfJOwUhtlOARqs3+rkHYY13jYWTU97c=
github.com/pmezard/go-difflib v1.0.0 h1:4DBwDE0NGyQoBHbLQYPwSUPoCMWR5BEzIk/f1lZbAQM=
github.com/sfomuseum/go-flags v0.10.0 h1:1OC1ACxpWMsl3XQ9OeNVMQj7Zi2CzufP3Rym3mPI8HU=
github.com/sfomuseum/go-flags v0.10.0/go.mod h1:VXOnnX1/yxQpX2yiwHaBV6aCmhtszQOL5bL1/nNo3co=
github.com/sfomuseum/go-http-auth v0.0.6 h1:f1QpdTcSXxQBX8NAHy7aQLWh9EQCb0vSX1K7PosEGac=
github.com/sfomuseum/go-http-auth v0.0.6/go.mod h1:rAWkkf9KlG9HhyLLOToiu4MqluH8HVE5Si03z0e6kb0=
github.com/stretchr/testify v1.7.2 h1:4jaiDzPyXQvSd7D0EjG45355tLlV3VOECpq10pLC+8s=
gopkg.in/yaml.v3 v3.0.1 h1:fxVm/GzAzEWqLHuvctI91KS9hhNmmWOoWu0XTYJS7CA=
